Build started 2016/2/29 下午 09:50:37.
     1>Project "C:\Users\SID\Desktop\GPGPU\HW0\template\template_vs2013.vcxproj" on node 2 (Build target(s)).
     1>AddCudaCompileDeps:
         C:\Program Files (x86)\Microsoft Visual Studio 12.0\VC\bin\x86_amd64\cl.exe /E /nologo /showIncludes /TP /D__CUDACC__ /DWIN32 /DWIN32 /D_MBCS /D_MBCS /I./ /I../../common/inc /I./ /I"C:\Program Files\NVIDIA GPU Computing Toolkit\CUDA\v7.5\/include" /I../../common/inc /I"C:\Program Files\NVIDIA GPU Computing Toolkit\CUDA\v7.5\bin" /I"C:\Program Files\NVIDIA GPU Computing Toolkit\CUDA\v7.5\include" /I. /FIcuda_runtime.h /c C:\Users\SID\Desktop\GPGPU\HW0\template\main.cu 
       CudaBuild:
         Compiling CUDA source file main.cu...
         cmd.exe /C "C:\Users\SID\AppData\Local\Temp\tmpe6b5fdde2f1f4635bce34f20abbd20fd.cmd"
         "C:\Program Files\NVIDIA GPU Computing Toolkit\CUDA\v7.5\bin\nvcc.exe" -gencode=arch=compute_20,code=\"sm_20,compute_20\" -gencode=arch=compute_30,code=\"sm_30,compute_30\" -gencode=arch=compute_35,code=\"sm_35,compute_35\" -gencode=arch=compute_37,code=\"sm_37,compute_37\" -gencode=arch=compute_50,code=\"sm_50,compute_50\" -gencode=arch=compute_52,code=\"sm_52,compute_52\" --use-local-env --cl-version 2013 -ccbin "C:\Program Files (x86)\Microsoft Visual Studio 12.0\VC\bin\x86_amd64"  -I./ -I../../common/inc -I./ -I"C:\Program Files\NVIDIA GPU Computing Toolkit\CUDA\v7.5\/include" -I../../common/inc -I"C:\Program Files\NVIDIA GPU Computing Toolkit\CUDA\v7.5\include"  -G   --keep-dir x64\Debug -maxrregcount=0  --machine 64 --compile -cudart static -Xcompiler "/wd 4819"  -g   -DWIN32 -DWIN32 -D_MBCS -D_MBCS -Xcompiler "/EHsc /W3 /nologo /Od /Zi /RTC1 /MTd " -o x64/Debug/main.cu.obj "C:\Users\SID\Desktop\GPGPU\HW0\template\main.cu"
         
         C:\Users\SID\Desktop\GPGPU\HW0\template>"C:\Program Files\NVIDIA GPU Computing Toolkit\CUDA\v7.5\bin\nvcc.exe" -gencode=arch=compute_20,code=\"sm_20,compute_20\" -gencode=arch=compute_30,code=\"sm_30,compute_30\" -gencode=arch=compute_35,code=\"sm_35,compute_35\" -gencode=arch=compute_37,code=\"sm_37,compute_37\" -gencode=arch=compute_50,code=\"sm_50,compute_50\" -gencode=arch=compute_52,code=\"sm_52,compute_52\" --use-local-env --cl-version 2013 -ccbin "C:\Program Files (x86)\Microsoft Visual Studio 12.0\VC\bin\x86_amd64"  -I./ -I../../common/inc -I./ -I"C:\Program Files\NVIDIA GPU Computing Toolkit\CUDA\v7.5\/include" -I../../common/inc -I"C:\Program Files\NVIDIA GPU Computing Toolkit\CUDA\v7.5\include"  -G   --keep-dir x64\Debug -maxrregcount=0  --machine 64 --compile -cudart static -Xcompiler "/wd 4819"  -g   -DWIN32 -DWIN32 -D_MBCS -D_MBCS -Xcompiler "/EHsc /W3 /nologo /Od /Zi /RTC1 /MTd " -o x64/Debug/main.cu.obj "C:\Users\SID\Desktop\GPGPU\HW0\template\main.cu" 
         main.cu
     1>C:/Users/SID/Desktop/GPGPU/HW0/template/main.cu(90): warning C4267: 'argument' : conversion from 'size_t' to 'unsigned int', possible loss of data
     1>C:/Users/SID/Desktop/GPGPU/HW0/template/main.cu(90): warning C4267: 'argument' : conversion from 'size_t' to 'int', possible loss of data
       Link:
         C:\Program Files (x86)\Microsoft Visual Studio 12.0\VC\bin\x86_amd64\link.exe /ERRORREPORT:PROMPT /OUT:"../../bin/win64/Debug//template.exe" /INCREMENTAL /NOLOGO /LIBPATH:"C:\Program Files\NVIDIA GPU Computing Toolkit\CUDA\v7.5\lib\x64" cudart_static.lib kernel32.lib user32.lib gdi32.lib winspool.lib comdlg32.lib advapi32.lib shell32.lib ole32.lib oleaut32.lib uuid.lib odbc32.lib odbccp32.lib kernel32.lib user32.lib gdi32.lib winspool.lib comdlg32.lib advapi32.lib shell32.lib ole32.lib oleaut32.lib uuid.lib odbc32.lib odbccp32.lib /MANIFEST /MANIFESTUAC:"level='asInvoker' uiAccess='false'" /manifest:embed /DEBUG /PDB:"../../bin/win64/Debug/template.pdb" /SUBSYSTEM:CONSOLE /TLBID:1 /DYNAMICBASE /NXCOMPAT /IMPLIB:"../../bin/win64/Debug/template.lib" /MACHINE:X64 x64/Debug/main.cu.obj
         template_vs2013.vcxproj -> C:\Users\SID\Desktop\GPGPU\HW0\template\../../bin/win64/Debug/template.exe
     1>Done Building Project "C:\Users\SID\Desktop\GPGPU\HW0\template\template_vs2013.vcxproj" (Build target(s)).

Build succeeded.

Time Elapsed 00:00:20.04
